
Microsoft Visual Studio Solution File, Format Version 12.00
# Visual Studio 15
VisualStudioVersion = 15.0.27428.2002
MinimumVisualStudioVersion = 10.0.40219.1
Project("{FAE04EC0-301F-11D3-BF4B-00C04F79EFBC}") = "HelloWebAPI", "HelloWebAPI\HelloWebAPI.csproj", "{96B90DFA-C6D9-49E4-B914-29159107DABB}"
EndProject
Global
	GlobalSection(SolutionConfigurationPlatforms) = preSolution
		Debug|Any CPU = Debug|Any CPU
		Release|Any CPU = Release|Any CPU
	EndGlobalSection
	GlobalSection(ProjectConfigurationPlatforms) = postSolution
		{96B90DFA-C6D9-49E4-B914-29159107DABB}.Debug|Any CPU.ActiveCfg = Debug|Any CPU
		{96B90DFA-C6D9-49E4-B914-29159107DABB}.Debug|Any CPU.Build.0 = Debug|Any CPU
		{96B90DFA-C6D9-49E4-B914-29159107DABB}.Release|Any CPU.ActiveCfg = Release|Any CPU
		{96B90DFA-C6D9-49E4-B914-29159107DABB}.Release|Any CPU.Build.0 = Release|Any CPU
	EndGlobalSection
	GlobalSection(SolutionProperties) = preSolution
		HideSolutionNode = FALSE
	EndGlobalSection
	GlobalSection(ExtensibilityGlobals) = postSolution
		SolutionGuid = {C64F1EBA-7606-4FD1-BB5D-67E77C52C562}
	EndGlobalSection
EndGlobal
